
Microsoft Visual Studio Solution File, Format Version 12.00
# Visual Studio Version 17
VisualStudioVersion = 17.11.35327.3
MinimumVisualStudioVersion = 10.0.40219.1
Project("{FAE04EC0-301F-11D3-BF4B-00C04F79EFBC}") = "Iris_Training_Client", "Iris_Training_Client.csproj", "{A0453759-0592-4D89-B7FF-B3A5FD0211CB}"
EndProject
Project("{FAE04EC0-301F-11D3-BF4B-00C04F79EFBC}") = "IrisTraining_Auth", "..\Services\IrisTraining_Auth\IrisTraining_Auth.csproj", "{594E0408-690B-4BB8-A439-4BCAA76425CA}"
EndProject
Global
	GlobalSection(SolutionConfigurationPlatforms) = preSolution
		Debug|Any CPU = Debug|Any CPU
		Release|Any CPU = Release|Any CPU
	EndGlobalSection
	GlobalSection(ProjectConfigurationPlatforms) = postSolution
		{A0453759-0592-4D89-B7FF-B3A5FD0211CB}.Debug|Any CPU.ActiveCfg = Debug|Any CPU
		{A0453759-0592-4D89-B7FF-B3A5FD0211CB}.Debug|Any CPU.Build.0 = Debug|Any CPU
		{A0453759-0592-4D89-B7FF-B3A5FD0211CB}.Release|Any CPU.ActiveCfg = Release|Any CPU
		{A0453759-0592-4D89-B7FF-B3A5FD0211CB}.Release|Any CPU.Build.0 = Release|Any CPU
		{594E0408-690B-4BB8-A439-4BCAA76425CA}.Debug|Any CPU.ActiveCfg = Debug|Any CPU
		{594E0408-690B-4BB8-A439-4BCAA76425CA}.Debug|Any CPU.Build.0 = Debug|Any CPU
		{594E0408-690B-4BB8-A439-4BCAA76425CA}.Release|Any CPU.ActiveCfg = Release|Any CPU
		{594E0408-690B-4BB8-A439-4BCAA76425CA}.Release|Any CPU.Build.0 = Release|Any CPU
	EndGlobalSection
	GlobalSection(SolutionProperties) = preSolution
		HideSolutionNode = FALSE
	EndGlobalSection
	GlobalSection(ExtensibilityGlobals) = postSolution
		SolutionGuid = {FD1AB56C-5BD5-4A12-9D63-2DB18DB79622}
	EndGlobalSection
EndGlobal
